{
  "name": "js_tutorial",
  "version": "0.1.1",
  "lockfileVersion": 2,
  "requires": true,
  "packages": {
    "": {
      "version": "0.1.1",
      "dependencies": {
        "cusickcatherine-palindrome": "^0.1.1"
      }
    },
    "node_modules/cusickcatherine-palindrome": {
      "version": "0.1.1",
      "resolved": "https://registry.npmjs.org/cusickcatherine-palindrome/-/cusickcatherine-palindrome-0.1.1.tgz",
      "integrity": "sha512-KzhO1HD+WV7/I78I5TID6RdWS5pKbaoaOOQGH0WIOFyX72d83OMQYqt/x2Esz8DTASDqFU65rm9lor1nB9XT5A=="
    }
  },
  "dependencies": {
    "cusickcatherine-palindrome": {
      "version": "0.1.1",
      "resolved": "https://registry.npmjs.org/cusickcatherine-palindrome/-/cusickcatherine-palindrome-0.1.1.tgz",
      "integrity": "sha512-KzhO1HD+WV7/I78I5TID6RdWS5pKbaoaOOQGH0WIOFyX72d83OMQYqt/x2Esz8DTASDqFU65rm9lor1nB9XT5A=="
    }
  }
}
