{
  "name": "js_tutorial",
  "lockfileVersion": 2,
  "requires": true,
  "packages": {
    "": {
      "dependencies": {
        "cusickcatherine-palindrome": "^0.1.0"
      },
      "version": "0.1.1"
    },
    "node_modules/cusickcatherine-palindrome": {
      "version": "0.1.0",
      "resolved": "https://registry.npmjs.org/cusickcatherine-palindrome/-/cusickcatherine-palindrome-0.1.0.tgz",
      "integrity": "sha512-+UFXKPXJtUoSIhQ9LiB/U44NIewpyVgatKH/P3qOMJ+wEuza91bdUARWrpVSgGsnN1AY+UWlqxlG3KKPC2zIqw=="
    }
  },
  "dependencies": {
    "cusickcatherine-palindrome": {
      "version": "0.1.0",
      "resolved": "https://registry.npmjs.org/cusickcatherine-palindrome/-/cusickcatherine-palindrome-0.1.0.tgz",
      "integrity": "sha512-+UFXKPXJtUoSIhQ9LiB/U44NIewpyVgatKH/P3qOMJ+wEuza91bdUARWrpVSgGsnN1AY+UWlqxlG3KKPC2zIqw=="
    }
  },
  "version": "0.1.1"
}
